
Microsoft Visual Studio Solution File, Format Version 11.00
# Visual Studio 2010
Project("{FAE04EC0-301F-11D3-BF4B-00C04F79EFBC}") = "PhotonVoice", "PhotonVoice.csproj", "{e2d77339-d95e-9a88-f2ee-81bd28f75817}"
EndProject
Project("{FAE04EC0-301F-11D3-BF4B-00C04F79EFBC}") = "PhotonVoice.API", "PhotonVoice.API.csproj", "{e56686c0-6dbe-138f-cf1b-ca9436cda60b}"
EndProject
Project("{FAE04EC0-301F-11D3-BF4B-00C04F79EFBC}") = "Assembly-CSharp", "Assembly-CSharp.csproj", "{7a5e73f1-c045-1636-f0f0-635c3df2a38d}"
EndProject
Project("{FAE04EC0-301F-11D3-BF4B-00C04F79EFBC}") = "Fusion.Unity", "Fusion.Unity.csproj", "{ff50436f-3020-cb15-4ee8-2a16fa025cb7}"
EndProject
Project("{FAE04EC0-301F-11D3-BF4B-00C04F79EFBC}") = "Fusion.Addons.Physics", "Fusion.Addons.Physics.csproj", "{60c073a5-2f96-5e8f-b897-f9e1a494f62a}"
EndProject
Project("{FAE04EC0-301F-11D3-BF4B-00C04F79EFBC}") = "Fusion.Unity.Editor", "Fusion.Unity.Editor.csproj", "{7c4c3dee-99c3-e30d-fc4a-334685bde90b}"
EndProject
Project("{FAE04EC0-301F-11D3-BF4B-00C04F79EFBC}") = "PhotonChat", "PhotonChat.csproj", "{d8a70a42-ebc2-3649-64e0-7314232dc26b}"
EndProject
Project("{FAE04EC0-301F-11D3-BF4B-00C04F79EFBC}") = "PhotonRealtime", "PhotonRealtime.csproj", "{3a3d4877-6e4c-aa2a-e9d5-d25a98bcf886}"
EndProject
Project("{FAE04EC0-301F-11D3-BF4B-00C04F79EFBC}") = "PhotonVoice.Fusion.Editor", "PhotonVoice.Fusion.Editor.csproj", "{7d0887da-c95c-d780-92c7-ea7a438b3f93}"
EndProject
Project("{FAE04EC0-301F-11D3-BF4B-00C04F79EFBC}") = "PhotonVoice.Editor", "PhotonVoice.Editor.csproj", "{05e1895a-be17-7a52-dadd-14eb90a905dc}"
EndProject
Project("{FAE04EC0-301F-11D3-BF4B-00C04F79EFBC}") = "Unity.Fusion.CodeGen", "Unity.Fusion.CodeGen.csproj", "{93503db9-d254-db49-df20-a8e2bc646a51}"
EndProject
Project("{FAE04EC0-301F-11D3-BF4B-00C04F79EFBC}") = "MicAmplifierEditor.Editor", "MicAmplifierEditor.Editor.csproj", "{8b8ecdd2-e3e6-7a31-f636-51953de58ee3}"
EndProject
Project("{FAE04EC0-301F-11D3-BF4B-00C04F79EFBC}") = "PhotonVoice.Fusion", "PhotonVoice.Fusion.csproj", "{a81f629c-67c6-257a-35d4-84edf745d6fb}"
EndProject
Project("{FAE04EC0-301F-11D3-BF4B-00C04F79EFBC}") = "PhotonVoice.Utilities.Editor", "PhotonVoice.Utilities.Editor.csproj", "{361490fa-c970-315a-2c49-d837ca0c4cf0}"
EndProject
Project("{FAE04EC0-301F-11D3-BF4B-00C04F79EFBC}") = "Voice.FMOD.Editor", "Voice.FMOD.Editor.csproj", "{d531bd7d-4b04-b4a4-268a-2d6e241941f4}"
EndProject
Project("{FAE04EC0-301F-11D3-BF4B-00C04F79EFBC}") = "Fusion.Addons.Physics.Editor", "Fusion.Addons.Physics.Editor.csproj", "{b7f1d57b-19b6-47f0-9de3-b36677051580}"
EndProject
Project("{FAE04EC0-301F-11D3-BF4B-00C04F79EFBC}") = "PhotonWebSocket", "PhotonWebSocket.csproj", "{0bba3443-95ca-c3c6-1561-c6ab13606262}"
EndProject
Project("{FAE04EC0-301F-11D3-BF4B-00C04F79EFBC}") = "PhotonVoice.FMOD", "PhotonVoice.FMOD.csproj", "{db812583-f8d4-2c6f-e5c3-32f015b286d4}"
EndProject
Project("{FAE04EC0-301F-11D3-BF4B-00C04F79EFBC}") = "PhotonVoiceApi.FMOD", "PhotonVoiceApi.FMOD.csproj", "{5f76f2d8-00c9-b1df-c00c-8cfff5c56951}"
EndProject
Global
	GlobalSection(SolutionConfigurationPlatforms) = preSolution
		Debug|Any CPU = Debug|Any CPU
	EndGlobalSection
	GlobalSection(ProjectConfigurationPlatforms) = postSolution
		{e2d77339-d95e-9a88-f2ee-81bd28f75817}.Debug|Any CPU.ActiveCfg = Debug|Any CPU
		{e2d77339-d95e-9a88-f2ee-81bd28f75817}.Debug|Any CPU.Build.0 = Debug|Any CPU
		{e56686c0-6dbe-138f-cf1b-ca9436cda60b}.Debug|Any CPU.ActiveCfg = Debug|Any CPU
		{e56686c0-6dbe-138f-cf1b-ca9436cda60b}.Debug|Any CPU.Build.0 = Debug|Any CPU
		{7a5e73f1-c045-1636-f0f0-635c3df2a38d}.Debug|Any CPU.ActiveCfg = Debug|Any CPU
		{7a5e73f1-c045-1636-f0f0-635c3df2a38d}.Debug|Any CPU.Build.0 = Debug|Any CPU
		{ff50436f-3020-cb15-4ee8-2a16fa025cb7}.Debug|Any CPU.ActiveCfg = Debug|Any CPU
		{ff50436f-3020-cb15-4ee8-2a16fa025cb7}.Debug|Any CPU.Build.0 = Debug|Any CPU
		{60c073a5-2f96-5e8f-b897-f9e1a494f62a}.Debug|Any CPU.ActiveCfg = Debug|Any CPU
		{60c073a5-2f96-5e8f-b897-f9e1a494f62a}.Debug|Any CPU.Build.0 = Debug|Any CPU
		{7c4c3dee-99c3-e30d-fc4a-334685bde90b}.Debug|Any CPU.ActiveCfg = Debug|Any CPU
		{7c4c3dee-99c3-e30d-fc4a-334685bde90b}.Debug|Any CPU.Build.0 = Debug|Any CPU
		{d8a70a42-ebc2-3649-64e0-7314232dc26b}.Debug|Any CPU.ActiveCfg = Debug|Any CPU
		{d8a70a42-ebc2-3649-64e0-7314232dc26b}.Debug|Any CPU.Build.0 = Debug|Any CPU
		{3a3d4877-6e4c-aa2a-e9d5-d25a98bcf886}.Debug|Any CPU.ActiveCfg = Debug|Any CPU
		{3a3d4877-6e4c-aa2a-e9d5-d25a98bcf886}.Debug|Any CPU.Build.0 = Debug|Any CPU
		{7d0887da-c95c-d780-92c7-ea7a438b3f93}.Debug|Any CPU.ActiveCfg = Debug|Any CPU
		{7d0887da-c95c-d780-92c7-ea7a438b3f93}.Debug|Any CPU.Build.0 = Debug|Any CPU
		{05e1895a-be17-7a52-dadd-14eb90a905dc}.Debug|Any CPU.ActiveCfg = Debug|Any CPU
		{05e1895a-be17-7a52-dadd-14eb90a905dc}.Debug|Any CPU.Build.0 = Debug|Any CPU
		{93503db9-d254-db49-df20-a8e2bc646a51}.Debug|Any CPU.ActiveCfg = Debug|Any CPU
		{93503db9-d254-db49-df20-a8e2bc646a51}.Debug|Any CPU.Build.0 = Debug|Any CPU
		{8b8ecdd2-e3e6-7a31-f636-51953de58ee3}.Debug|Any CPU.ActiveCfg = Debug|Any CPU
		{8b8ecdd2-e3e6-7a31-f636-51953de58ee3}.Debug|Any CPU.Build.0 = Debug|Any CPU
		{a81f629c-67c6-257a-35d4-84edf745d6fb}.Debug|Any CPU.ActiveCfg = Debug|Any CPU
		{a81f629c-67c6-257a-35d4-84edf745d6fb}.Debug|Any CPU.Build.0 = Debug|Any CPU
		{361490fa-c970-315a-2c49-d837ca0c4cf0}.Debug|Any CPU.ActiveCfg = Debug|Any CPU
		{361490fa-c970-315a-2c49-d837ca0c4cf0}.Debug|Any CPU.Build.0 = Debug|Any CPU
		{d531bd7d-4b04-b4a4-268a-2d6e241941f4}.Debug|Any CPU.ActiveCfg = Debug|Any CPU
		{d531bd7d-4b04-b4a4-268a-2d6e241941f4}.Debug|Any CPU.Build.0 = Debug|Any CPU
		{b7f1d57b-19b6-47f0-9de3-b36677051580}.Debug|Any CPU.ActiveCfg = Debug|Any CPU
		{b7f1d57b-19b6-47f0-9de3-b36677051580}.Debug|Any CPU.Build.0 = Debug|Any CPU
		{0bba3443-95ca-c3c6-1561-c6ab13606262}.Debug|Any CPU.ActiveCfg = Debug|Any CPU
		{0bba3443-95ca-c3c6-1561-c6ab13606262}.Debug|Any CPU.Build.0 = Debug|Any CPU
		{db812583-f8d4-2c6f-e5c3-32f015b286d4}.Debug|Any CPU.ActiveCfg = Debug|Any CPU
		{db812583-f8d4-2c6f-e5c3-32f015b286d4}.Debug|Any CPU.Build.0 = Debug|Any CPU
		{5f76f2d8-00c9-b1df-c00c-8cfff5c56951}.Debug|Any CPU.ActiveCfg = Debug|Any CPU
		{5f76f2d8-00c9-b1df-c00c-8cfff5c56951}.Debug|Any CPU.Build.0 = Debug|Any CPU
	EndGlobalSection
	GlobalSection(SolutionProperties) = preSolution
		HideSolutionNode = FALSE
	EndGlobalSection
EndGlobal
